
Microsoft Visual Studio Solution File, Format Version 12.00
# Visual Studio Version 16
VisualStudioVersion = 16.0.30011.22
MinimumVisualStudioVersion = 10.0.40219.1
Project("{F184B08F-C81C-45F6-A57F-5ABD9991F28F}") = "Compact Cassette Catalogue", "Compact Cassette Catalogue\Compact Cassette Catalogue.vbproj", "{DD0ADBE8-82D1-4620-8073-FF8EC6392135}"
EndProject
Project("{F184B08F-C81C-45F6-A57F-5ABD9991F28F}") = "Compact Cassette Catalogue Installer", "Compact Cassette Catalogue Installer\Compact Cassette Catalogue Installer.vbproj", "{D48984D9-8E3B-413D-A8DA-7DF5B4B3C09B}"
EndProject
Project("{F184B08F-C81C-45F6-A57F-5ABD9991F28F}") = "Compact Cassette Catalogue Uninstaller", "Compact Cassette Catalogue Uninstaller\Compact Cassette Catalogue Uninstaller.vbproj", "{12C86E82-C311-466C-97B1-C1E1ACC75A9F}"
EndProject
Global
	GlobalSection(SolutionConfigurationPlatforms) = preSolution
		Debug|ARM64 = Debug|ARM64
		Debug|Any CPU = Debug|Any CPU
		Debug|x64 = Debug|x64
		Debug|x86 = Debug|x86
		Release|ARM64 = Release|ARM64
		Release|Any CPU = Release|Any CPU
		Release|x64 = Release|x64
		Release|x86 = Release|x86
	EndGlobalSection
	GlobalSection(ProjectConfigurationPlatforms) = postSolution
		{DD0ADBE8-82D1-4620-8073-FF8EC6392135}.Debug|ARM64.ActiveCfg = Debug|ARM64
		{DD0ADBE8-82D1-4620-8073-FF8EC6392135}.Debug|ARM64.Build.0 = Debug|ARM64
		{DD0ADBE8-82D1-4620-8073-FF8EC6392135}.Debug|Any CPU.ActiveCfg = Debug|Any CPU
		{DD0ADBE8-82D1-4620-8073-FF8EC6392135}.Debug|Any CPU.Build.0 = Debug|Any CPU
		{DD0ADBE8-82D1-4620-8073-FF8EC6392135}.Debug|x64.ActiveCfg = Debug|x64
		{DD0ADBE8-82D1-4620-8073-FF8EC6392135}.Debug|x64.Build.0 = Debug|x64
		{DD0ADBE8-82D1-4620-8073-FF8EC6392135}.Debug|x86.ActiveCfg = Debug|x86
		{DD0ADBE8-82D1-4620-8073-FF8EC6392135}.Debug|x86.Build.0 = Debug|x86
		{DD0ADBE8-82D1-4620-8073-FF8EC6392135}.Release|ARM64.ActiveCfg = Release|ARM64
		{DD0ADBE8-82D1-4620-8073-FF8EC6392135}.Release|ARM64.Build.0 = Release|ARM64
		{DD0ADBE8-82D1-4620-8073-FF8EC6392135}.Release|Any CPU.ActiveCfg = Release|Any CPU
		{DD0ADBE8-82D1-4620-8073-FF8EC6392135}.Release|Any CPU.Build.0 = Release|Any CPU
		{DD0ADBE8-82D1-4620-8073-FF8EC6392135}.Release|x64.ActiveCfg = Release|x64
		{DD0ADBE8-82D1-4620-8073-FF8EC6392135}.Release|x64.Build.0 = Release|x64
		{DD0ADBE8-82D1-4620-8073-FF8EC6392135}.Release|x86.ActiveCfg = Release|x86
		{DD0ADBE8-82D1-4620-8073-FF8EC6392135}.Release|x86.Build.0 = Release|x86
		{D48984D9-8E3B-413D-A8DA-7DF5B4B3C09B}.Debug|ARM64.ActiveCfg = Debug|ARM64
		{D48984D9-8E3B-413D-A8DA-7DF5B4B3C09B}.Debug|ARM64.Build.0 = Debug|ARM64
		{D48984D9-8E3B-413D-A8DA-7DF5B4B3C09B}.Debug|Any CPU.ActiveCfg = Debug|Any CPU
		{D48984D9-8E3B-413D-A8DA-7DF5B4B3C09B}.Debug|Any CPU.Build.0 = Debug|Any CPU
		{D48984D9-8E3B-413D-A8DA-7DF5B4B3C09B}.Debug|x64.ActiveCfg = Debug|x64
		{D48984D9-8E3B-413D-A8DA-7DF5B4B3C09B}.Debug|x64.Build.0 = Debug|x64
		{D48984D9-8E3B-413D-A8DA-7DF5B4B3C09B}.Debug|x86.ActiveCfg = Debug|x86
		{D48984D9-8E3B-413D-A8DA-7DF5B4B3C09B}.Debug|x86.Build.0 = Debug|x86
		{D48984D9-8E3B-413D-A8DA-7DF5B4B3C09B}.Release|ARM64.ActiveCfg = Release|ARM64
		{D48984D9-8E3B-413D-A8DA-7DF5B4B3C09B}.Release|ARM64.Build.0 = Release|ARM64
		{D48984D9-8E3B-413D-A8DA-7DF5B4B3C09B}.Release|Any CPU.ActiveCfg = Release|Any CPU
		{D48984D9-8E3B-413D-A8DA-7DF5B4B3C09B}.Release|Any CPU.Build.0 = Release|Any CPU
		{D48984D9-8E3B-413D-A8DA-7DF5B4B3C09B}.Release|x64.ActiveCfg = Release|x64
		{D48984D9-8E3B-413D-A8DA-7DF5B4B3C09B}.Release|x64.Build.0 = Release|x64
		{D48984D9-8E3B-413D-A8DA-7DF5B4B3C09B}.Release|x86.ActiveCfg = Release|x86
		{D48984D9-8E3B-413D-A8DA-7DF5B4B3C09B}.Release|x86.Build.0 = Release|x86
		{12C86E82-C311-466C-97B1-C1E1ACC75A9F}.Debug|ARM64.ActiveCfg = Debug|ARM64
		{12C86E82-C311-466C-97B1-C1E1ACC75A9F}.Debug|ARM64.Build.0 = Debug|ARM64
		{12C86E82-C311-466C-97B1-C1E1ACC75A9F}.Debug|Any CPU.ActiveCfg = Debug|Any CPU
		{12C86E82-C311-466C-97B1-C1E1ACC75A9F}.Debug|Any CPU.Build.0 = Debug|Any CPU
		{12C86E82-C311-466C-97B1-C1E1ACC75A9F}.Debug|x64.ActiveCfg = Debug|x64
		{12C86E82-C311-466C-97B1-C1E1ACC75A9F}.Debug|x64.Build.0 = Debug|x64
		{12C86E82-C311-466C-97B1-C1E1ACC75A9F}.Debug|x86.ActiveCfg = Debug|x86
		{12C86E82-C311-466C-97B1-C1E1ACC75A9F}.Debug|x86.Build.0 = Debug|x86
		{12C86E82-C311-466C-97B1-C1E1ACC75A9F}.Release|ARM64.ActiveCfg = Release|ARM64
		{12C86E82-C311-466C-97B1-C1E1ACC75A9F}.Release|ARM64.Build.0 = Release|ARM64
		{12C86E82-C311-466C-97B1-C1E1ACC75A9F}.Release|Any CPU.ActiveCfg = Release|Any CPU
		{12C86E82-C311-466C-97B1-C1E1ACC75A9F}.Release|Any CPU.Build.0 = Release|Any CPU
		{12C86E82-C311-466C-97B1-C1E1ACC75A9F}.Release|x64.ActiveCfg = Release|x64
		{12C86E82-C311-466C-97B1-C1E1ACC75A9F}.Release|x64.Build.0 = Release|x64
		{12C86E82-C311-466C-97B1-C1E1ACC75A9F}.Release|x86.ActiveCfg = Release|x86
		{12C86E82-C311-466C-97B1-C1E1ACC75A9F}.Release|x86.Build.0 = Release|x86
	EndGlobalSection
	GlobalSection(SolutionProperties) = preSolution
		HideSolutionNode = FALSE
	EndGlobalSection
	GlobalSection(ExtensibilityGlobals) = postSolution
		SolutionGuid = {AC13411C-82DA-4D5F-846D-83175094C9E0}
	EndGlobalSection
EndGlobal
